// !$*UTF8*$!
{
	archiveVersion = 1;
	classes = {
	};
	objectVersion = 46;
	objects = {

/* Begin PBXBuildFile section */
		841804A91C6E657300FA7224 /* Bill.swift in Sources */ = {isa = PBXBuildFile; fileRef = 841804A81C6E657300FA7224 /* Bill.swift */; };
		8428724D1C739781003C54B7 /* testDML.sqlite3 in Resources */ = {isa = PBXBuildFile; fileRef = 8428724C1C739781003C54B7 /* testDML.sqlite3 */; };
		8428724E1C739781003C54B7 /* testDML.sqlite3 in Resources */ = {isa = PBXBuildFile; fileRef = 8428724C1C739781003C54B7 /* testDML.sqlite3 */; };
		842872501C73AE09003C54B7 /* BillFormatter.swift in Sources */ = {isa = PBXBuildFile; fileRef = 8428724F1C73AE09003C54B7 /* BillFormatter.swift */; };
		842872511C73AE09003C54B7 /* BillFormatter.swift in Sources */ = {isa = PBXBuildFile; fileRef = 8428724F1C73AE09003C54B7 /* BillFormatter.swift */; };
		AD0798901B45BD1C0066A47B /* ICD10Cell.swift in Sources */ = {isa = PBXBuildFile; fileRef = AD07988F1B45BD1C0066A47B /* ICD10Cell.swift */; };
		AD0926AC1B4B3AB000C6E3DD /* ICDDeleteButton.swift in Sources */ = {isa = PBXBuildFile; fileRef = AD0926AB1B4B3AB000C6E3DD /* ICDDeleteButton.swift */; };
		AD19EA951B2F423800A1AFF1 /* BillDatesTableViewController.swift in Sources */ = {isa = PBXBuildFile; fileRef = AD19EA941B2F423800A1AFF1 /* BillDatesTableViewController.swift */; };
		AD19EA971B2F473500A1AFF1 /* BillsTableViewController.swift in Sources */ = {isa = PBXBuildFile; fileRef = AD19EA961B2F473500A1AFF1 /* BillsTableViewController.swift */; };
		AD359F391B60507400DC6C90 /* ModifierTableViewController.swift in Sources */ = {isa = PBXBuildFile; fileRef = AD359F381B60507400DC6C90 /* ModifierTableViewController.swift */; };
		AD359F3F1B61927600DC6C90 /* libsqlite3.dylib in Frameworks */ = {isa = PBXBuildFile; fileRef = AD359F3E1B61927600DC6C90 /* libsqlite3.dylib */; };
		AD359F491B62D7D300DC6C90 /* ConditionLocationTableViewCell.swift in Sources */ = {isa = PBXBuildFile; fileRef = AD359F481B62D7D300DC6C90 /* ConditionLocationTableViewCell.swift */; };
		AD4FAE781B18D9260010B411 /* Main.storyboard in Resources */ = {isa = PBXBuildFile; fileRef = AD4FAE761B18D9260010B411 /* Main.storyboard */; };
		AD73FDD61BD56052000781CA /* CustomDetailViewController.swift in Sources */ = {isa = PBXBuildFile; fileRef = AD73FDD51BD56051000781CA /* CustomDetailViewController.swift */; };
		AD7A73D21B2782590054DD55 /* PatientsTableViewController.swift in Sources */ = {isa = PBXBuildFile; fileRef = AD7A73D11B2782590054DD55 /* PatientsTableViewController.swift */; };
		AD7A73D41B2783A90054DD55 /* DatabaseManager.swift in Sources */ = {isa = PBXBuildFile; fileRef = AD7A73D31B2783A90054DD55 /* DatabaseManager.swift */; };
		AD7A73D61B278D150054DD55 /* DoctorsTableViewController.swift in Sources */ = {isa = PBXBuildFile; fileRef = AD7A73D51B278D150054DD55 /* DoctorsTableViewController.swift */; };
		AD93D7251B28A104000EAF98 /* EditPatientViewController.swift in Sources */ = {isa = PBXBuildFile; fileRef = AD93D7241B28A104000EAF98 /* EditPatientViewController.swift */; };
		AD93D7271B28A2F8000EAF98 /* EditDoctorViewController.swift in Sources */ = {isa = PBXBuildFile; fileRef = AD93D7261B28A2F8000EAF98 /* EditDoctorViewController.swift */; };
		AD93D7311B28F667000EAF98 /* DirectSearchTableViewController.swift in Sources */ = {isa = PBXBuildFile; fileRef = AD93D7301B28F667000EAF98 /* DirectSearchTableViewController.swift */; };
		ADAB0D391B210E71004C770C /* BillViewController.swift in Sources */ = {isa = PBXBuildFile; fileRef = ADAB0D381B210E71004C770C /* BillViewController.swift */; };
		ADABFEBB1B449C0B002ED513 /* CodeTokenCollectionViewCell.swift in Sources */ = {isa = PBXBuildFile; fileRef = ADABFEBA1B449C0B002ED513 /* CodeTokenCollectionViewCell.swift */; };
		ADB02EA11B59B3DB0063487B /* visitCodeDetailController.swift in Sources */ = {isa = PBXBuildFile; fileRef = ADB02EA01B59B3DB0063487B /* visitCodeDetailController.swift */; };
		ADB59A151B4D8B5400A0BE66 /* LXReorderableCollectionViewFlowLayout.m in Sources */ = {isa = PBXBuildFile; fileRef = ADB59A141B4D8B5400A0BE66 /* LXReorderableCollectionViewFlowLayout.m */; };
		ADD4A8C41B220FC00083FAF1 /* SearchTableViewController.swift in Sources */ = {isa = PBXBuildFile; fileRef = ADD4A8C31B220FBF0083FAF1 /* SearchTableViewController.swift */; };
		ADE77F361B1782F900CE48F1 /* AppDelegate.swift in Sources */ = {isa = PBXBuildFile; fileRef = ADE77F351B1782F900CE48F1 /* AppDelegate.swift */; };
		ADE77F381B1782F900CE48F1 /* MasterViewController.swift in Sources */ = {isa = PBXBuildFile; fileRef = ADE77F371B1782F900CE48F1 /* MasterViewController.swift */; };
		ADE77F3A1B1782F900CE48F1 /* DetailViewController.swift in Sources */ = {isa = PBXBuildFile; fileRef = ADE77F391B1782F900CE48F1 /* DetailViewController.swift */; };
		ADE77F3F1B1782F900CE48F1 /* Images.xcassets in Resources */ = {isa = PBXBuildFile; fileRef = ADE77F3E1B1782F900CE48F1 /* Images.xcassets */; };
		ADE77F421B1782F900CE48F1 /* LaunchScreen.xib in Resources */ = {isa = PBXBuildFile; fileRef = ADE77F401B1782F900CE48F1 /* LaunchScreen.xib */; };
		ADE77F4E1B1782F900CE48F1 /* ICD10Tests.swift in Sources */ = {isa = PBXBuildFile; fileRef = ADE77F4D1B1782F900CE48F1 /* ICD10Tests.swift */; };
/* End PBXBuildFile section */

/* Begin PBXContainerItemProxy section */
		AD801A3B1B5EDDFE001A2F98 /* PBXContainerItemProxy */ = {
			isa = PBXContainerItemProxy;
			containerPortal = ADE77F281B1782F900CE48F1 /* Project object */;
			proxyType = 1;
			remoteGlobalIDString = ADE77F2F1B1782F900CE48F1;
			remoteInfo = ICD10;
		};
/* End PBXContainerItemProxy section */

/* Begin PBXFileReference section */
		841804A81C6E657300FA7224 /* Bill.swift */ = {isa = PBXFileReference; fileEncoding = 4; lastKnownFileType = sourcecode.swift; path = Bill.swift; sourceTree = "<group>"; };
		8428724C1C739781003C54B7 /* testDML.sqlite3 */ = {isa = PBXFileReference; lastKnownFileType = file; name = testDML.sqlite3; path = ../../Resources/testDML.sqlite3; sourceTree = "<group>"; };
		8428724F1C73AE09003C54B7 /* BillFormatter.swift */ = {isa = PBXFileReference; fileEncoding = 4; lastKnownFileType = sourcecode.swift; path = BillFormatter.swift; sourceTree = "<group>"; };
		AD07988F1B45BD1C0066A47B /* ICD10Cell.swift */ = {isa = PBXFileReference; fileEncoding = 4; lastKnownFileType = sourcecode.swift; path = ICD10Cell.swift; sourceTree = "<group>"; };
		AD0926AB1B4B3AB000C6E3DD /* ICDDeleteButton.swift */ = {isa = PBXFileReference; fileEncoding = 4; lastKnownFileType = sourcecode.swift; path = ICDDeleteButton.swift; sourceTree = "<group>"; };
		AD19EA941B2F423800A1AFF1 /* BillDatesTableViewController.swift */ = {isa = PBXFileReference; fileEncoding = 4; lastKnownFileType = sourcecode.swift; path = BillDatesTableViewController.swift; sourceTree = "<group>"; };
		AD19EA961B2F473500A1AFF1 /* BillsTableViewController.swift */ = {isa = PBXFileReference; fileEncoding = 4; lastKnownFileType = sourcecode.swift; path = BillsTableViewController.swift; sourceTree = "<group>"; };
		AD359F381B60507400DC6C90 /* ModifierTableViewController.swift */ = {isa = PBXFileReference; fileEncoding = 4; lastKnownFileType = sourcecode.swift; path = ModifierTableViewController.swift; sourceTree = "<group>"; };
		AD359F3E1B61927600DC6C90 /* libsqlite3.dylib */ = {isa = PBXFileReference; lastKnownFileType = "compiled.mach-o.dylib"; name = libsqlite3.dylib; path = usr/lib/libsqlite3.dylib; sourceTree = SDKROOT; };
		AD359F481B62D7D300DC6C90 /* ConditionLocationTableViewCell.swift */ = {isa = PBXFileReference; fileEncoding = 4; lastKnownFileType = sourcecode.swift; path = ConditionLocationTableViewCell.swift; sourceTree = "<group>"; };
		AD4FAE771B18D9260010B411 /* Base */ = {isa = PBXFileReference; lastKnownFileType = file.storyboard; name = Base; path = Base.lproj/Main.storyboard; sourceTree = "<group>"; };
		AD73FDD51BD56051000781CA /* CustomDetailViewController.swift */ = {isa = PBXFileReference; fileEncoding = 4; lastKnownFileType = sourcecode.swift; path = CustomDetailViewController.swift; sourceTree = "<group>"; };
		AD7A73D11B2782590054DD55 /* PatientsTableViewController.swift */ = {isa = PBXFileReference; fileEncoding = 4; lastKnownFileType = sourcecode.swift; path = PatientsTableViewController.swift; sourceTree = "<group>"; };
		AD7A73D31B2783A90054DD55 /* DatabaseManager.swift */ = {isa = PBXFileReference; fileEncoding = 4; lastKnownFileType = sourcecode.swift; path = DatabaseManager.swift; sourceTree = "<group>"; };
		AD7A73D51B278D150054DD55 /* DoctorsTableViewController.swift */ = {isa = PBXFileReference; fileEncoding = 4; lastKnownFileType = sourcecode.swift; path = DoctorsTableViewController.swift; sourceTree = "<group>"; };
		AD93D7241B28A104000EAF98 /* EditPatientViewController.swift */ = {isa = PBXFileReference; fileEncoding = 4; lastKnownFileType = sourcecode.swift; path = EditPatientViewController.swift; sourceTree = "<group>"; };
		AD93D7261B28A2F8000EAF98 /* EditDoctorViewController.swift */ = {isa = PBXFileReference; fileEncoding = 4; lastKnownFileType = sourcecode.swift; path = EditDoctorViewController.swift; sourceTree = "<group>"; };
		AD93D7301B28F667000EAF98 /* DirectSearchTableViewController.swift */ = {isa = PBXFileReference; fileEncoding = 4; lastKnownFileType = sourcecode.swift; path = DirectSearchTableViewController.swift; sourceTree = "<group>"; };
		ADAB0D381B210E71004C770C /* BillViewController.swift */ = {isa = PBXFileReference; fileEncoding = 4; lastKnownFileType = sourcecode.swift; path = BillViewController.swift; sourceTree = "<group>"; };
		ADABFEBA1B449C0B002ED513 /* CodeTokenCollectionViewCell.swift */ = {isa = PBXFileReference; fileEncoding = 4; lastKnownFileType = sourcecode.swift; path = CodeTokenCollectionViewCell.swift; sourceTree = "<group>"; };
		ADB02EA01B59B3DB0063487B /* visitCodeDetailController.swift */ = {isa = PBXFileReference; fileEncoding = 4; lastKnownFileType = sourcecode.swift; path = visitCodeDetailController.swift; sourceTree = "<group>"; };
		ADB59A131B4D8B4A00A0BE66 /* LXReorderableCollectionViewFlowLayout.h */ = {isa = PBXFileReference; lastKnownFileType = sourcecode.c.h; path = LXReorderableCollectionViewFlowLayout.h; sourceTree = "<group>"; };
		ADB59A141B4D8B5400A0BE66 /* LXReorderableCollectionViewFlowLayout.m */ = {isa = PBXFileReference; fileEncoding = 4; lastKnownFileType = sourcecode.c.objc; path = LXReorderableCollectionViewFlowLayout.m; sourceTree = "<group>"; };
		ADD4A8C31B220FBF0083FAF1 /* SearchTableViewController.swift */ = {isa = PBXFileReference; fileEncoding = 4; lastKnownFileType = sourcecode.swift; path = SearchTableViewController.swift; sourceTree = "<group>"; };
		ADE77F301B1782F900CE48F1 /* ICD10.app */ = {isa = PBXFileReference; explicitFileType = wrapper.application; includeInIndex = 0; path = ICD10.app; sourceTree = BUILT_PRODUCTS_DIR; };
		ADE77F341B1782F900CE48F1 /* Info.plist */ = {isa = PBXFileReference; lastKnownFileType = text.plist.xml; path = Info.plist; sourceTree = "<group>"; };
		ADE77F351B1782F900CE48F1 /* AppDelegate.swift */ = {isa = PBXFileReference; lastKnownFileType = sourcecode.swift; path = AppDelegate.swift; sourceTree = "<group>"; };
		ADE77F371B1782F900CE48F1 /* MasterViewController.swift */ = {isa = PBXFileReference; lastKnownFileType = sourcecode.swift; path = MasterViewController.swift; sourceTree = "<group>"; };
		ADE77F391B1782F900CE48F1 /* DetailViewController.swift */ = {isa = PBXFileReference; lastKnownFileType = sourcecode.swift; path = DetailViewController.swift; sourceTree = "<group>"; };
		ADE77F3E1B1782F900CE48F1 /* Images.xcassets */ = {isa = PBXFileReference; lastKnownFileType = folder.assetcatalog; path = Images.xcassets; sourceTree = "<group>"; };
		ADE77F411B1782F900CE48F1 /* Base */ = {isa = PBXFileReference; lastKnownFileType = file.xib; name = Base; path = Base.lproj/LaunchScreen.xib; sourceTree = "<group>"; };
		ADE77F471B1782F900CE48F1 /* ICD10Tests.xctest */ = {isa = PBXFileReference; explicitFileType = wrapper.cfbundle; includeInIndex = 0; path = ICD10Tests.xctest; sourceTree = BUILT_PRODUCTS_DIR; };
		ADE77F4C1B1782F900CE48F1 /* Info.plist */ = {isa = PBXFileReference; lastKnownFileType = text.plist.xml; path = Info.plist; sourceTree = "<group>"; };
		ADE77F4D1B1782F900CE48F1 /* ICD10Tests.swift */ = {isa = PBXFileReference; lastKnownFileType = sourcecode.swift; path = ICD10Tests.swift; sourceTree = "<group>"; };
		ADE77F591B17BD1D00CE48F1 /* ICD10-Bridging-Header.h */ = {isa = PBXFileReference; lastKnownFileType = sourcecode.c.h; path = "ICD10-Bridging-Header.h"; sourceTree = "<group>"; };
/* End PBXFileReference section */

/* Begin PBXFrameworksBuildPhase section */
		ADE77F2D1B1782F900CE48F1 /* Frameworks */ = {
			isa = PBXFrameworksBuildPhase;
			buildActionMask = 2147483647;
			files = (
				AD359F3F1B61927600DC6C90 /* libsqlite3.dylib in Frameworks */,
			);
			runOnlyForDeploymentPostprocessing = 0;
		};
		ADE77F441B1782F900CE48F1 /* Frameworks */ = {
			isa = PBXFrameworksBuildPhase;
			buildActionMask = 2147483647;
			files = (
			);
			runOnlyForDeploymentPostprocessing = 0;
		};
/* End PBXFrameworksBuildPhase section */

/* Begin PBXGroup section */
		ADE77F271B1782F900CE48F1 = {
			isa = PBXGroup;
			children = (
				AD359F3E1B61927600DC6C90 /* libsqlite3.dylib */,
				ADE77F321B1782F900CE48F1 /* ICD10 */,
				ADE77F4A1B1782F900CE48F1 /* ICD10Tests */,
				ADE77F311B1782F900CE48F1 /* Products */,
			);
			sourceTree = "<group>";
		};
		ADE77F311B1782F900CE48F1 /* Products */ = {
			isa = PBXGroup;
			children = (
				ADE77F301B1782F900CE48F1 /* ICD10.app */,
				ADE77F471B1782F900CE48F1 /* ICD10Tests.xctest */,
			);
			name = Products;
			sourceTree = "<group>";
		};
		ADE77F321B1782F900CE48F1 /* ICD10 */ = {
			isa = PBXGroup;
			children = (
				8428724C1C739781003C54B7 /* testDML.sqlite3 */,
				ADB59A131B4D8B4A00A0BE66 /* LXReorderableCollectionViewFlowLayout.h */,
				ADB59A141B4D8B5400A0BE66 /* LXReorderableCollectionViewFlowLayout.m */,
				ADE77F351B1782F900CE48F1 /* AppDelegate.swift */,
				ADABFEBA1B449C0B002ED513 /* CodeTokenCollectionViewCell.swift */,
				AD07988F1B45BD1C0066A47B /* ICD10Cell.swift */,
				AD7A73D31B2783A90054DD55 /* DatabaseManager.swift */,
				AD19EA941B2F423800A1AFF1 /* BillDatesTableViewController.swift */,
				8428724F1C73AE09003C54B7 /* BillFormatter.swift */,
				AD19EA961B2F473500A1AFF1 /* BillsTableViewController.swift */,
				ADAB0D381B210E71004C770C /* BillViewController.swift */,
				841804A81C6E657300FA7224 /* Bill.swift */,
				AD359F381B60507400DC6C90 /* ModifierTableViewController.swift */,
				AD0926AB1B4B3AB000C6E3DD /* ICDDeleteButton.swift */,
				ADD4A8C31B220FBF0083FAF1 /* SearchTableViewController.swift */,
				ADE77F371B1782F900CE48F1 /* MasterViewController.swift */,
				ADE77F391B1782F900CE48F1 /* DetailViewController.swift */,
				AD73FDD51BD56051000781CA /* CustomDetailViewController.swift */,
				AD93D7301B28F667000EAF98 /* DirectSearchTableViewController.swift */,
				AD93D7261B28A2F8000EAF98 /* EditDoctorViewController.swift */,
				AD93D7241B28A104000EAF98 /* EditPatientViewController.swift */,
				AD7A73D11B2782590054DD55 /* PatientsTableViewController.swift */,
				AD7A73D51B278D150054DD55 /* DoctorsTableViewController.swift */,
				ADB02EA01B59B3DB0063487B /* visitCodeDetailController.swift */,
				AD359F481B62D7D300DC6C90 /* ConditionLocationTableViewCell.swift */,
				ADE77F401B1782F900CE48F1 /* LaunchScreen.xib */,
				AD4FAE761B18D9260010B411 /* Main.storyboard */,
				ADE77F3E1B1782F900CE48F1 /* Images.xcassets */,
				ADE77F331B1782F900CE48F1 /* Supporting Files */,
				ADE77F591B17BD1D00CE48F1 /* ICD10-Bridging-Header.h */,
			);
			path = ICD10;
			sourceTree = "<group>";
		};
		ADE77F331B1782F900CE48F1 /* Supporting Files */ = {
			isa = PBXGroup;
			children = (
				ADE77F341B1782F900CE48F1 /* Info.plist */,
			);
			name = "Supporting Files";
			sourceTree = "<group>";
		};
		ADE77F4A1B1782F900CE48F1 /* ICD10Tests */ = {
			isa = PBXGroup;
			children = (
				ADE77F4D1B1782F900CE48F1 /* ICD10Tests.swift */,
				ADE77F4B1B1782F900CE48F1 /* Supporting Files */,
			);
			path = ICD10Tests;
			sourceTree = "<group>";
		};
		ADE77F4B1B1782F900CE48F1 /* Supporting Files */ = {
			isa = PBXGroup;
			children = (
				ADE77F4C1B1782F900CE48F1 /* Info.plist */,
			);
			name = "Supporting Files";
			sourceTree = "<group>";
		};
/* End PBXGroup section */

/* Begin PBXNativeTarget section */
		ADE77F2F1B1782F900CE48F1 /* ICD10 */ = {
			isa = PBXNativeTarget;
			buildConfigurationList = ADE77F511B1782F900CE48F1 /* Build configuration list for PBXNativeTarget "ICD10" */;
			buildPhases = (
				ADE77F2C1B1782F900CE48F1 /* Sources */,
				ADE77F2D1B1782F900CE48F1 /* Frameworks */,
				ADE77F2E1B1782F900CE48F1 /* Resources */,
			);
			buildRules = (
			);
			dependencies = (
			);
			name = ICD10;
			productName = ICD10;
			productReference = ADE77F301B1782F900CE48F1 /* ICD10.app */;
			productType = "com.apple.product-type.application";
		};
		ADE77F461B1782F900CE48F1 /* ICD10Tests */ = {
			isa = PBXNativeTarget;
			buildConfigurationList = ADE77F541B1782F900CE48F1 /* Build configuration list for PBXNativeTarget "ICD10Tests" */;
			buildPhases = (
				ADE77F431B1782F900CE48F1 /* Sources */,
				ADE77F441B1782F900CE48F1 /* Frameworks */,
				ADE77F451B1782F900CE48F1 /* Resources */,
			);
			buildRules = (
			);
			dependencies = (
				AD801A3C1B5EDDFE001A2F98 /* PBXTargetDependency */,
			);
			name = ICD10Tests;
			productName = ICD10Tests;
			productReference = ADE77F471B1782F900CE48F1 /* ICD10Tests.xctest */;
			productType = "com.apple.product-type.bundle.unit-test";
		};
/* End PBXNativeTarget section */

/* Begin PBXProject section */
		ADE77F281B1782F900CE48F1 /* Project object */ = {
			isa = PBXProject;
			attributes = {
				LastSwiftMigration = 0700;
				LastSwiftUpdateCheck = 0700;
				LastUpgradeCheck = 0700;
				ORGANIZATIONNAME = "Brandon S Roberts";
				TargetAttributes = {
					ADE77F2F1B1782F900CE48F1 = {
						CreatedOnToolsVersion = 6.3.1;
						DevelopmentTeam = 56GZU39DYW;
					};
					ADE77F461B1782F900CE48F1 = {
						CreatedOnToolsVersion = 6.3.1;
						TestTargetID = ADE77F2F1B1782F900CE48F1;
					};
				};
			};
			buildConfigurationList = ADE77F2B1B1782F900CE48F1 /* Build configuration list for PBXProject "ICD10" */;
			compatibilityVersion = "Xcode 3.2";
			developmentRegion = English;
			hasScannedForEncodings = 0;
			knownRegions = (
				en,
				Base,
			);
			mainGroup = ADE77F271B1782F900CE48F1;
			productRefGroup = ADE77F311B1782F900CE48F1 /* Products */;
			projectDirPath = "";
			projectRoot = "";
			targets = (
				ADE77F2F1B1782F900CE48F1 /* ICD10 */,
				ADE77F461B1782F900CE48F1 /* ICD10Tests */,
			);
		};
/* End PBXProject section */

/* Begin PBXResourcesBuildPhase section */
		ADE77F2E1B1782F900CE48F1 /* Resources */ = {
			isa = PBXResourcesBuildPhase;
			buildActionMask = 2147483647;
			files = (
				ADE77F421B1782F900CE48F1 /* LaunchScreen.xib in Resources */,
				ADE77F3F1B1782F900CE48F1 /* Images.xcassets in Resources */,
				AD4FAE781B18D9260010B411 /* Main.storyboard in Resources */,
				8428724D1C739781003C54B7 /* testDML.sqlite3 in Resources */,
			);
			runOnlyForDeploymentPostprocessing = 0;
		};
		ADE77F451B1782F900CE48F1 /* Resources */ = {
			isa = PBXResourcesBuildPhase;
			buildActionMask = 2147483647;
			files = (
				8428724E1C739781003C54B7 /* testDML.sqlite3 in Resources */,
			);
			runOnlyForDeploymentPostprocessing = 0;
		};
/* End PBXResourcesBuildPhase section */

/* Begin PBXSourcesBuildPhase section */
		ADE77F2C1B1782F900CE48F1 /* Sources */ = {
			isa = PBXSourcesBuildPhase;
			buildActionMask = 2147483647;
			files = (
				ADE77F361B1782F900CE48F1 /* AppDelegate.swift in Sources */,
				AD19EA951B2F423800A1AFF1 /* BillDatesTableViewController.swift in Sources */,
				ADAB0D391B210E71004C770C /* BillViewController.swift in Sources */,
				AD7A73D41B2783A90054DD55 /* DatabaseManager.swift in Sources */,
				AD73FDD61BD56052000781CA /* CustomDetailViewController.swift in Sources */,
				ADE77F3A1B1782F900CE48F1 /* DetailViewController.swift in Sources */,
				AD0926AC1B4B3AB000C6E3DD /* ICDDeleteButton.swift in Sources */,
				AD93D7311B28F667000EAF98 /* DirectSearchTableViewController.swift in Sources */,
				AD7A73D61B278D150054DD55 /* DoctorsTableViewController.swift in Sources */,
				AD359F391B60507400DC6C90 /* ModifierTableViewController.swift in Sources */,
				AD93D7271B28A2F8000EAF98 /* EditDoctorViewController.swift in Sources */,
				ADB02EA11B59B3DB0063487B /* visitCodeDetailController.swift in Sources */,
				842872501C73AE09003C54B7 /* BillFormatter.swift in Sources */,
				AD19EA971B2F473500A1AFF1 /* BillsTableViewController.swift in Sources */,
				AD93D7251B28A104000EAF98 /* EditPatientViewController.swift in Sources */,
				AD0798901B45BD1C0066A47B /* ICD10Cell.swift in Sources */,
				ADB59A151B4D8B5400A0BE66 /* LXReorderableCollectionViewFlowLayout.m in Sources */,
				AD7A73D21B2782590054DD55 /* PatientsTableViewController.swift in Sources */,
				841804A91C6E657300FA7224 /* Bill.swift in Sources */,
				AD359F491B62D7D300DC6C90 /* ConditionLocationTableViewCell.swift in Sources */,
				ADE77F381B1782F900CE48F1 /* MasterViewController.swift in Sources */,
				ADD4A8C41B220FC00083FAF1 /* SearchTableViewController.swift in Sources */,
				ADABFEBB1B449C0B002ED513 /* CodeTokenCollectionViewCell.swift in Sources */,
			);
			runOnlyForDeploymentPostprocessing = 0;
		};
		ADE77F431B1782F900CE48F1 /* Sources */ = {
			isa = PBXSourcesBuildPhase;
			buildActionMask = 2147483647;
			files = (
				ADE77F4E1B1782F900CE48F1 /* ICD10Tests.swift in Sources */,
				842872511C73AE09003C54B7 /* BillFormatter.swift in Sources */,
			);
			runOnlyForDeploymentPostprocessing = 0;
		};
/* End PBXSourcesBuildPhase section */

/* Begin PBXTargetDependency section */
		AD801A3C1B5EDDFE001A2F98 /* PBXTargetDependency */ = {
			isa = PBXTargetDependency;
			target = ADE77F2F1B1782F900CE48F1 /* ICD10 */;
			targetProxy = AD801A3B1B5EDDFE001A2F98 /* PBXContainerItemProxy */;
		};
/* End PBXTargetDependency section */

/* Begin PBXVariantGroup section */
		AD4FAE761B18D9260010B411 /* Main.storyboard */ = {
			isa = PBXVariantGroup;
			children = (
				AD4FAE771B18D9260010B411 /* Base */,
			);
			name = Main.storyboard;
			sourceTree = "<group>";
		};
		ADE77F401B1782F900CE48F1 /* LaunchScreen.xib */ = {
			isa = PBXVariantGroup;
			children = (
				ADE77F411B1782F900CE48F1 /* Base */,
			);
			name = LaunchScreen.xib;
			sourceTree = "<group>";
		};
/* End PBXVariantGroup section */

/* Begin XCBuildConfiguration section */
		ADE77F4F1B1782F900CE48F1 /* Debug */ = {
			isa = XCBuildConfiguration;
			buildSettings = {
				ALWAYS_SEARCH_USER_PATHS = NO;
				CLANG_CXX_LANGUAGE_STANDARD = "gnu++0x";
				CLANG_CXX_LIBRARY = "libc++";
				CLANG_ENABLE_MODULES = YES;
				CLANG_ENABLE_OBJC_ARC = YES;
				CLANG_WARN_BOOL_CONVERSION = YES;
				CLANG_WARN_CONSTANT_CONVERSION = YES;
				CLANG_WARN_DIRECT_OBJC_ISA_USAGE = YES_ERROR;
				CLANG_WARN_EMPTY_BODY = YES;
				CLANG_WARN_ENUM_CONVERSION = YES;
				CLANG_WARN_INT_CONVERSION = YES;
				CLANG_WARN_OBJC_ROOT_CLASS = YES_ERROR;
				CLANG_WARN_UNREACHABLE_CODE = YES;
				CLANG_WARN__DUPLICATE_METHOD_MATCH = YES;
				"CODE_SIGN_IDENTITY[sdk=iphoneos*]" = "iPhone Developer";
				COPY_PHASE_STRIP = NO;
				DEBUG_INFORMATION_FORMAT = "dwarf-with-dsym";
				ENABLE_STRICT_OBJC_MSGSEND = YES;
				ENABLE_TESTABILITY = YES;
				GCC_C_LANGUAGE_STANDARD = gnu99;
				GCC_DYNAMIC_NO_PIC = NO;
				GCC_NO_COMMON_BLOCKS = YES;
				GCC_OPTIMIZATION_LEVEL = 0;
				GCC_PREPROCESSOR_DEFINITIONS = (
					"DEBUG=1",
					"$(inherited)",
				);
				GCC_SYMBOLS_PRIVATE_EXTERN = NO;
				GCC_WARN_64_TO_32_BIT_CONVERSION = YES;
				GCC_WARN_ABOUT_RETURN_TYPE = YES_ERROR;
				GCC_WARN_UNDECLARED_SELECTOR = YES;
				GCC_WARN_UNINITIALIZED_AUTOS = YES_AGGRESSIVE;
				GCC_WARN_UNUSED_FUNCTION = YES;
				GCC_WARN_UNUSED_VARIABLE = YES;
				HEADER_SEARCH_PATHS = (
					"$(inherited)",
					/Applications/Xcode.app/Contents/Developer/Toolchains/XcodeDefault.xctoolchain/usr/include,
					../sqlcipher/src,
				);
				IPHONEOS_DEPLOYMENT_TARGET = 8.3;
				MTL_ENABLE_DEBUG_INFO = YES;
				ONLY_ACTIVE_ARCH = YES;
				SDKROOT = iphoneos;
				SWIFT_OPTIMIZATION_LEVEL = "-Onone";
				TARGETED_DEVICE_FAMILY = "1,2";
			};
			name = Debug;
		};
		ADE77F501B1782F900CE48F1 /* Release */ = {
			isa = XCBuildConfiguration;
			buildSettings = {
				ALWAYS_SEARCH_USER_PATHS = NO;
				CLANG_CXX_LANGUAGE_STANDARD = "gnu++0x";
				CLANG_CXX_LIBRARY = "libc++";
				CLANG_ENABLE_MODULES = YES;
				CLANG_ENABLE_OBJC_ARC = YES;
				CLANG_WARN_BOOL_CONVERSION = YES;
				CLANG_WARN_CONSTANT_CONVERSION = YES;
				CLANG_WARN_DIRECT_OBJC_ISA_USAGE = YES_ERROR;
				CLANG_WARN_EMPTY_BODY = YES;
				CLANG_WARN_ENUM_CONVERSION = YES;
				CLANG_WARN_INT_CONVERSION = YES;
				CLANG_WARN_OBJC_ROOT_CLASS = YES_ERROR;
				CLANG_WARN_UNREACHABLE_CODE = YES;
				CLANG_WARN__DUPLICATE_METHOD_MATCH = YES;
				"CODE_SIGN_IDENTITY[sdk=iphoneos*]" = "iPhone Developer";
				COPY_PHASE_STRIP = NO;
				DEBUG_INFORMATION_FORMAT = "dwarf-with-dsym";
				ENABLE_NS_ASSERTIONS = NO;
				ENABLE_STRICT_OBJC_MSGSEND = YES;
				GCC_C_LANGUAGE_STANDARD = gnu99;
				GCC_NO_COMMON_BLOCKS = YES;
				GCC_WARN_64_TO_32_BIT_CONVERSION = YES;
				GCC_WARN_ABOUT_RETURN_TYPE = YES_ERROR;
				GCC_WARN_UNDECLARED_SELECTOR = YES;
				GCC_WARN_UNINITIALIZED_AUTOS = YES_AGGRESSIVE;
				GCC_WARN_UNUSED_FUNCTION = YES;
				GCC_WARN_UNUSED_VARIABLE = YES;
				HEADER_SEARCH_PATHS = (
					"$(inherited)",
					/Applications/Xcode.app/Contents/Developer/Toolchains/XcodeDefault.xctoolchain/usr/include,
					../sqlcipher/src,
				);
				IPHONEOS_DEPLOYMENT_TARGET = 8.3;
				MTL_ENABLE_DEBUG_INFO = NO;
				SDKROOT = iphoneos;
				SWIFT_OPTIMIZATION_LEVEL = "-Onone";
				TARGETED_DEVICE_FAMILY = "1,2";
				VALIDATE_PRODUCT = YES;
			};
			name = Release;
		};
		ADE77F521B1782F900CE48F1 /* Debug */ = {
			isa = XCBuildConfiguration;
			buildSettings = {
				ASSETCATALOG_COMPILER_APPICON_NAME = AppIcon;
				CLANG_ENABLE_MODULES = YES;
				CODE_SIGN_IDENTITY = "iPhone Developer";
				"CODE_SIGN_IDENTITY[sdk=iphoneos*]" = "iPhone Developer";
				INFOPLIST_FILE = ICD10/Info.plist;
				IPHONEOS_DEPLOYMENT_TARGET = 8.3;
				LD_RUNPATH_SEARCH_PATHS = "$(inherited) @executable_path/Frameworks";
				OTHER_CFLAGS = "-DSQLITE_HAS_CODEC";
				PRODUCT_BUNDLE_IDENTIFIER = "UPS.$(PRODUCT_NAME:rfc1034identifier)";
				PRODUCT_NAME = "$(TARGET_NAME)";
				PROVISIONING_PROFILE = "";
				SWIFT_OBJC_BRIDGING_HEADER = "ICD10/ICD10-Bridging-Header.h";
				SWIFT_OPTIMIZATION_LEVEL = "-Onone";
			};
			name = Debug;
		};
		ADE77F531B1782F900CE48F1 /* Release */ = {
			isa = XCBuildConfiguration;
			buildSettings = {
				ASSETCATALOG_COMPILER_APPICON_NAME = AppIcon;
				CLANG_ENABLE_MODULES = YES;
				CODE_SIGN_IDENTITY = "iPhone Developer";
				"CODE_SIGN_IDENTITY[sdk=iphoneos*]" = "iPhone Developer";
				INFOPLIST_FILE = ICD10/Info.plist;
				IPHONEOS_DEPLOYMENT_TARGET = 8.3;
				LD_RUNPATH_SEARCH_PATHS = "$(inherited) @executable_path/Frameworks";
				OTHER_CFLAGS = "-DSQLITE_HAS_CODEC";
				PRODUCT_BUNDLE_IDENTIFIER = "UPS.$(PRODUCT_NAME:rfc1034identifier)";
				PRODUCT_NAME = "$(TARGET_NAME)";
				PROVISIONING_PROFILE = "";
				SWIFT_OBJC_BRIDGING_HEADER = "ICD10/ICD10-Bridging-Header.h";
			};
			name = Release;
		};
		ADE77F551B1782F900CE48F1 /* Debug */ = {
			isa = XCBuildConfiguration;
			buildSettings = {
				BUNDLE_LOADER = "$(TEST_HOST)";
				FRAMEWORK_SEARCH_PATHS = (
					"$(SDKROOT)/Developer/Library/Frameworks",
					"$(inherited)",
				);
				GCC_PREPROCESSOR_DEFINITIONS = (
					"DEBUG=1",
					"$(inherited)",
				);
				INFOPLIST_FILE = ICD10Tests/Info.plist;
				IPHONEOS_DEPLOYMENT_TARGET = 8.1;
				LD_RUNPATH_SEARCH_PATHS = "$(inherited) @executable_path/Frameworks @loader_path/Frameworks";
				PRODUCT_BUNDLE_IDENTIFIER = "UPS.$(PRODUCT_NAME:rfc1034identifier)";
				PRODUCT_NAME = "$(TARGET_NAME)";
				TEST_HOST = "$(BUILT_PRODUCTS_DIR)/ICD10.app/ICD10";
			};
			name = Debug;
		};
		ADE77F561B1782F900CE48F1 /* Release */ = {
			isa = XCBuildConfiguration;
			buildSettings = {
				BUNDLE_LOADER = "$(TEST_HOST)";
				FRAMEWORK_SEARCH_PATHS = (
					"$(SDKROOT)/Developer/Library/Frameworks",
					"$(inherited)",
				);
				INFOPLIST_FILE = ICD10Tests/Info.plist;
				IPHONEOS_DEPLOYMENT_TARGET = 8.1;
				LD_RUNPATH_SEARCH_PATHS = "$(inherited) @executable_path/Frameworks @loader_path/Frameworks";
				PRODUCT_BUNDLE_IDENTIFIER = "UPS.$(PRODUCT_NAME:rfc1034identifier)";
				PRODUCT_NAME = "$(TARGET_NAME)";
				TEST_HOST = "$(BUILT_PRODUCTS_DIR)/ICD10.app/ICD10";
			};
			name = Release;
		};
/* End XCBuildConfiguration section */

/* Begin XCConfigurationList section */
		ADE77F2B1B1782F900CE48F1 /* Build configuration list for PBXProject "ICD10" */ = {
			isa = XCConfigurationList;
			buildConfigurations = (
				ADE77F4F1B1782F900CE48F1 /* Debug */,
				ADE77F501B1782F900CE48F1 /* Release */,
			);
			defaultConfigurationIsVisible = 0;
			defaultConfigurationName = Release;
		};
		ADE77F511B1782F900CE48F1 /* Build configuration list for PBXNativeTarget "ICD10" */ = {
			isa = XCConfigurationList;
			buildConfigurations = (
				ADE77F521B1782F900CE48F1 /* Debug */,
				ADE77F531B1782F900CE48F1 /* Release */,
			);
			defaultConfigurationIsVisible = 0;
			defaultConfigurationName = Release;
		};
		ADE77F541B1782F900CE48F1 /* Build configuration list for PBXNativeTarget "ICD10Tests" */ = {
			isa = XCConfigurationList;
			buildConfigurations = (
				ADE77F551B1782F900CE48F1 /* Debug */,
				ADE77F561B1782F900CE48F1 /* Release */,
			);
			defaultConfigurationIsVisible = 0;
			defaultConfigurationName = Release;
		};
/* End XCConfigurationList section */
	};
	rootObject = ADE77F281B1782F900CE48F1 /* Project object */;
}
